version = 1
revision = 3
requires-python = ">=3.11, <3.14"

[manifest]
members = [
    "stealth-browser",
]

[[package]]
name = "deprecated"
version = "1.3.1"
source = { registry = "https://pypi.org/simple" }
dependencies = [
    { name = "wrapt" },
]
sdist = { url = "https://files.pythonhosted.org/packages/49/85/12f0a49a7c4ffb70572b6c2ef13c90c88fd190debda93b23f026b25f9634/deprecated-1.3.1.tar.gz", hash = "sha256:b1b50e0ff0c1fddaa5708a2c6b0a6588bb09b892825ab2b214ac9ea9d92a5223", size = 2932523, upload-time = "2025-10-30T08:19:02.757Z" }
wheels = [
    { url = "https://files.pythonhosted.org/packages/84/d0/205d54408c08b13550c733c4b85429e7ead111c7f0014309637425520a9a/deprecated-1.3.1-py2.py3-none-any.whl", hash = "sha256:597bfef186b6f60181535a29fbe44865ce137a5079f295b479886c82729d5f3f", size = 11298, upload-time = "2025-10-30T08:19:00.758Z" },
]

[[package]]
name = "greenlet"
version = "3.5.1"
source = { registry = "https://pypi.org/simple" }
sdist = { url = "https://files.pythonhosted.org/packages/6d/6e/802acd792aebb2256fbbee8cacf2727faaeb6f240ac11008f09eae4414bc/greenlet-3.5.1.tar.gz", hash = "sha256:5a56aeb7d5d9cc4b3a735efb5095bd4b4f6f0e4f93e5ca876d0e2315137b7829", size = 197356, upload-time = "2026-05-20T15:05:03.917Z" }
wheels = [
    { url = "https://files.pythonhosted.org/packages/42/3c/ff890b466eaba2b0f5e6bdfff025f8c75f41b8ffdc3dbc3d24ad261e764a/greenlet-3.5.1-cp311-cp311-macosx_11_0_universal2.whl", hash = "sha256:73f78f9b9f0a5c06e5c946ba1e8e36f5114923b6be109ee618c54f079c3ea14f", size = 284764, upload-time = "2026-05-20T13:09:10.204Z" },
    { url = "https://files.pythonhosted.org/packages/81/0e/5e5457be3d256918f6a4756f073548a3f0190836e2cc94aa6d0d617a940b/greenlet-3.5.1-cp311-cp311-manylinux_2_24_aarch64.manylinux_2_28_aarch64.whl", hash = "sha256:a0cbed8bb44e23c5b199f888f4e4ce096b45ad9f25ff74a7ad0213875e936bb2", size = 603479, upload-time = "2026-05-20T14:00:04.757Z" },
    { url = "https://files.pythonhosted.org/packages/6d/e1/f89a21d58d308298e6f275f13a1b472ed96c680b601a371b08be6a725989/greenlet-3.5.1-cp311-cp311-manylinux_2_24_ppc64le.manylinux_2_28_ppc64le.whl", hash = "sha256:a203a8bd0acb0701653d3bbb26e404854a68674139ed5cbb778830f42b09bb33", size = 615495, upload-time = "2026-05-20T14:05:40.87Z" },
    { url = "https://files.pythonhosted.org/packages/2c/f2/8fd452fd81adb9ec79c8275c1375702ab0fd6bee4952da12eaa09b9508d8/greenlet-3.5.1-cp311-cp311-manylinux_2_24_s390x.manylinux_2_28_s390x.whl", hash = "sha256:6ebeb75c81211f5c702576cf81f315e77e23cfdb2c7c6fcb9dd143e6de35c360", size = 623515, upload-time = "2026-05-20T14:09:07.853Z" },
    { url = "https://files.pythonhosted.org/packages/75/de/af6cef182862d2ccd6975440d21c9058a77c3f9b469abf94e322dfd2e0e3/greenlet-3.5.1-cp311-cp311-manylinux_2_24_x86_64.manylinux_2_28_x86_64.whl", hash = "sha256:8a271fcd66c74615cda6a964fda3f304267a12e50a084472218a39bb0376f563", size = 614754, upload-time = "2026-05-20T13:14:24.947Z" },
    { url = "https://files.pythonhosted.org/packages/ec/bc/c318aa9f3ffc77320fddcee3d892be957b42e2ff947198d9450b004f3a38/greenlet-3.5.1-cp311-cp311-manylinux_2_39_riscv64.whl", hash = "sha256:017a544f0385d441e88714160d089d6900ef46c9eff9d99b6715a5ef2d127747", size = 418439, upload-time = "2026-05-20T14:01:38.446Z" },
    { url = "https://files.pythonhosted.org/packages/1a/c6/50e520283a9f19388a7326b05f9e8637e566003475eacaadad04f558c68d/greenlet-3.5.1-cp311-cp311-musllinux_1_2_aarch64.whl", hash = "sha256:ded7b068c7c31c1a8657d4fd42d886b3e051ae29f88b80c5ff9d502257b0f071", size = 1574097, upload-time = "2026-05-20T14:02:24.003Z" },
    { url = "https://files.pythonhosted.org/packages/21/1c/13abd1f4860d987fa5e1170a01930d6e6cd40d328de487a3c9fdaff0ffd0/greenlet-3.5.1-cp311-cp311-musllinux_1_2_x86_64.whl", hash = "sha256:d0932b81d72f552ded9d810d00021b64d89f2195a91ce115b893f943b7a4ab3c", size = 1641058, upload-time = "2026-05-20T13:14:31.83Z" },
    { url = "https://files.pythonhosted.org/packages/f5/56/5f332b7705545eac2dc01b4e9254d24a793f2656d55d5cc6b94ee59d22ae/greenlet-3.5.1-cp311-cp311-win_amd64.whl", hash = "sha256:88e300d136eac057b2397aa1cfd7328b4c87c7eb66a09c7bc6a1292234db474e", size = 238089, upload-time = "2026-05-20T13:14:03.229Z" },
    { url = "https://files.pythonhosted.org/packages/d9/a9/a3c2fa886c5b94863fb0e61b3bc14610b7aa94cf4f17f8741b11708305fc/greenlet-3.5.1-cp311-cp311-win_arm64.whl", hash = "sha256:cc6ab7e555c8a112ad3a76e368e86e12a2754bcae1652a5602e133ec7b635523", size = 234989, upload-time = "2026-05-20T13:08:27.715Z" },
    { url = "https://files.pythonhosted.org/packages/c4/37/4549f149c9797c21b32c2683c33522af22522099de128b2406672526d005/greenlet-3.5.1-cp312-cp312-macosx_11_0_universal2.whl", hash = "sha256:fa4f98af3a528f0c3fd592a26df7f376f93329c8f4d987f6bb979057af8bf5e2", size = 286220, upload-time = "2026-05-20T13:07:28.463Z" },
    { url = "https://files.pythonhosted.org/packages/38/ff/a4f436709716965eaab9f36ea7b906c8a927fbe32fb1372a2071d964f6b1/greenlet-3.5.1-cp312-cp312-manylinux_2_24_aarch64.manylinux_2_28_aarch64.whl", hash = "sha256:ffea73584b216150eab159b6d12348fb253e68757974de1e2c40d8a318ac89ed", size = 601585, upload-time = "2026-05-20T14:00:06.141Z" },
    { url = "https://files.pythonhosted.org/packages/65/ad/54bc3fcee3ad368a61b19b67d88117f7a8c29727bf71fffdeda81fbd946e/greenlet-3.5.1-cp312-cp312-manylinux_2_24_ppc64le.manylinux_2_28_ppc64le.whl", hash = "sha256:1072b4f9edcc1e192d9283a66a3e68d6b84c561de33a83d7858beb9ba1effe10", size = 614215, upload-time = "2026-05-20T14:05:42.675Z" },
    { url = "https://files.pythonhosted.org/packages/7c/6c/de5b1b388cd2d9fbdfeab324863daba37d54e6e233ddbefd70b385a8c591/greenlet-3.5.1-cp312-cp312-manylinux_2_24_s390x.manylinux_2_28_s390x.whl", hash = "sha256:89101bfd5011e069be974903cb3a4e4523845e4ece2d62dcd8d358933c0ef249", size = 620094, upload-time = "2026-05-20T14:09:09.18Z" },
    { url = "https://files.pythonhosted.org/packages/40/69/b91cda0647df839483201545913514c2827ebea5e5ccdf931842763bc127/greenlet-3.5.1-cp312-cp312-manylinux_2_24_x86_64.manylinux_2_28_x86_64.whl", hash = "sha256:add5217d68b31130f0beca584d7fef4878327d2e31642b66618a14eef312b63b", size = 611358, upload-time = "2026-05-20T13:14:26.37Z" },
    { url = "https://files.pythonhosted.org/packages/4a/43/1204baffab8a6476464795a7ccf394a3248d4f22c9f87173a15b36b6d971/greenlet-3.5.1-cp312-cp312-manylinux_2_39_riscv64.whl", hash = "sha256:e6cd99ea59dd5d89f0c956606571d79bfe6f68c9eb7f4a4083a41a7f1587edee", size = 422782, upload-time = "2026-05-20T14:01:39.597Z" },
    { url = "https://files.pythonhosted.org/packages/59/90/3cf77e080350cd02fa307bb2abf05df48f4482c240275bbd2c203ba8bb1c/greenlet-3.5.1-cp312-cp312-musllinux_1_2_aarch64.whl", hash = "sha256:a5ea42a752d47a145eae922b605cd1634665ac3d5ec1e72402d5048e8d60d207", size = 1570475, upload-time = "2026-05-20T14:02:25.29Z" },
    { url = "https://files.pythonhosted.org/packages/65/2c/18cece62045e74598c3c393f70dce4a63f56222015ba29a5d4eeb04f764c/greenlet-3.5.1-cp312-cp312-musllinux_1_2_x86_64.whl", hash = "sha256:c5551170cf4f5ff5623e9af81323751979fee2c731e2287b61f73cd27257b823", size = 1635625, upload-time = "2026-05-20T13:14:34.027Z" },
    { url = "https://files.pythonhosted.org/packages/30/f5/310d104ddf41eb5a70f4c268d22508dfb0c3c8e86fec152be34d0d2ed819/greenlet-3.5.1-cp312-cp312-win_amd64.whl", hash = "sha256:3c8bb982ad117d29478ef8f5533e97df21f1e2befd17a299257b0c96d1371c0b", size = 238791, upload-time = "2026-05-20T13:10:39.018Z" },
    { url = "https://files.pythonhosted.org/packages/62/90/ceca11f504cd23a8047a3dea31919adc48df9b626dd0c13f0d858734fdfd/greenlet-3.5.1-cp312-cp312-win_arm64.whl", hash = "sha256:80eb4b04dadc4e67df3fae179a32c4706a3f495bc7f22fc8a81115d5f5512188", size = 235580, upload-time = "2026-05-20T13:08:45.056Z" },
    { url = "https://files.pythonhosted.org/packages/27/69/7f7e5372d998b81001899b1c0823c957aa413ba0f2662e65821611cc31e4/greenlet-3.5.1-cp313-cp313-macosx_11_0_universal2.whl", hash = "sha256:51518ff74664078fc51bffcc6fc529b0df5ae58da192691cee765d45ce944a2b", size = 285060, upload-time = "2026-05-20T13:08:51.899Z" },
    { url = "https://files.pythonhosted.org/packages/b1/bf/387f9b6b865fd2ae0d0be09e0004827295a01b71be76ed350dd1e28a91a4/greenlet-3.5.1-cp313-cp313-manylinux_2_24_aarch64.manylinux_2_28_aarch64.whl", hash = "sha256:1ffdb3c0bb002c99cd8f298957e046c3dbf6006b5b7cdf11a4e19194624a0a0a", size = 604370, upload-time = "2026-05-20T14:00:07.492Z" },
    { url = "https://files.pythonhosted.org/packages/32/f5/169ce3d4e4c67291bd18f8cbe0299c9f3e45102c7f1fb3c14780c93e4532/greenlet-3.5.1-cp313-cp313-manylinux_2_24_ppc64le.manylinux_2_28_ppc64le.whl", hash = "sha256:7715a5a2c3378ba602c3a440558261e13a820bb53a82693aacd7b7f6d964e283", size = 616987, upload-time = "2026-05-20T14:05:44.237Z" },
    { url = "https://files.pythonhosted.org/packages/19/ba/c24110c55dffa55aa6e1d98b45310da33801aeba7686ff0190fe5d46fd32/greenlet-3.5.1-cp313-cp313-manylinux_2_24_s390x.manylinux_2_28_s390x.whl", hash = "sha256:d40a890035c0058cadbdc4af7569800fd28a0e527a0fdbb7b5f9418f176846ce", size = 622911, upload-time = "2026-05-20T14:09:10.598Z" },
    { url = "https://files.pythonhosted.org/packages/ee/e5/7f2e41d5273be07e77560d61ea4e56485b4d6c316d2a84518c62d1364061/greenlet-3.5.1-cp313-cp313-manylinux_2_24_x86_64.manylinux_2_28_x86_64.whl", hash = "sha256:dc71ff466927a201b08305acac451ebe1aedfcea002f62f1f2f2ac2ac1e6a135", size = 613911, upload-time = "2026-05-20T13:14:27.539Z" },
    { url = "https://files.pythonhosted.org/packages/ec/7b/d20db2e8a5ad6c038702f3179b136f93f0a3d1a21a0c0777f3e470cdf4b2/greenlet-3.5.1-cp313-cp313-manylinux_2_39_riscv64.whl", hash = "sha256:67821bb03e4e98664490edb787ff6af501194c29bbee0f5c1dfdcf1dc3d9d436", size = 425228, upload-time = "2026-05-20T14:01:40.837Z" },
    { url = "https://files.pythonhosted.org/packages/c5/a4/fbdc67579b73615a1f91615e814303cc71e06128f7baaba87be79b8fb90c/greenlet-3.5.1-cp313-cp313-musllinux_1_2_aarch64.whl", hash = "sha256:cd443683db272ebaaca03af98c0b063ab30db70ea8a31a1559f35e3f7b744ccd", size = 1570689, upload-time = "2026-05-20T14:02:27.225Z" },
    { url = "https://files.pythonhosted.org/packages/e6/b4/77abbe35078be39718a46cd49caf16bceb35662f97a34101dca28aa98e47/greenlet-3.5.1-cp313-cp313-musllinux_1_2_x86_64.whl", hash = "sha256:089fff7a6ce8d9316d1f65ebc00273a56be258c1725b32b94de90a3a979557e1", size = 1635602, upload-time = "2026-05-20T13:14:36.344Z" },
    { url = "https://files.pythonhosted.org/packages/37/f7/129f27ca700845b8ee8ca88ce7f43435a1239c2eddb7677fc938822762cf/greenlet-3.5.1-cp313-cp313-win_amd64.whl", hash = "sha256:110a1ca7b49b014b097f6078272c3f4ed31af45b254de5228b79adba879f6af9", size = 238683, upload-time = "2026-05-20T13:11:50.57Z" },
    { url = "https://files.pythonhosted.org/packages/6d/5c/a485a36e87df8d8fd0632ee01511244f5156a20ed3746cc6599340326395/greenlet-3.5.1-cp313-cp313-win_arm64.whl", hash = "sha256:f16ba1efc0715b680a18b8123d90dad887c6112ae3555b4b5c32c149540c6b4e", size = 235499, upload-time = "2026-05-20T13:12:42.028Z" },
]

[[package]]
name = "mss"
version = "10.2.0"
source = { registry = "https://pypi.org/simple" }
sdist = { url = "https://files.pythonhosted.org/packages/e5/5d/eee782a6d674f562c946ae6a026f4c595ea2b7b031f290bf9fbf60da09b5/mss-10.2.0.tar.gz", hash = "sha256:ab271860775545e62f29d7b11f82f279ac1048f5bbdd26cfad84830208dbd393", size = 200317, upload-time = "2026-04-23T10:44:57.305Z" }
wheels = [
    { url = "https://files.pythonhosted.org/packages/f2/c3/313e14f245c79b4c05bd0f3a84a4813aa26fa10f8993aebd91d04c5fad3f/mss-10.2.0-py3-none-any.whl", hash = "sha256:e79f428899280e7e64e38365b5bfed683851ebea807eeaeadaf06eb8e0d67197", size = 67106, upload-time = "2026-04-23T10:44:56.266Z" },
]

[[package]]
name = "nodriver"
version = "0.50.3"
source = { registry = "https://pypi.org/simple" }
dependencies = [
    { name = "deprecated" },
    { name = "mss" },
    { name = "websockets" },
]
sdist = { url = "https://files.pythonhosted.org/packages/1a/ad/b8b7472ddbf8c28e4ae37ef46d863400ea2688569f3178a083dda8531f3f/nodriver-0.50.3.tar.gz", hash = "sha256:24ca688d8646ef8ffad5c8ce65804e5e7671a779ad26a24d76f6465d5666c631", size = 354439, upload-time = "2026-05-13T13:57:55.27Z" }
wheels = [
    { url = "https://files.pythonhosted.org/packages/4d/23/b2dd278ad941c720f217c5264d7cbfc60dd09d882b5f7fb6c365013a8ce0/nodriver-0.50.3-py3-none-any.whl", hash = "sha256:a053533108c14c309a7613445e6c7fb460b6b165c144a062e1b2f39e4f7b396b", size = 378085, upload-time = "2026-05-13T13:57:51.877Z" },
]

[[package]]
name = "patchright"
version = "1.60.0"
source = { registry = "https://pypi.org/simple" }
dependencies = [
    { name = "greenlet" },
    { name = "pyee" },
]
wheels = [
    { url = "https://files.pythonhosted.org/packages/66/7c/8ae675e3a55bfb3f71aff58ccfa808322cd193f87dfe4a452601063b96d7/patchright-1.60.0-py3-none-macosx_10_13_x86_64.whl", hash = "sha256:c33dadd9b046142d41cf0b2791de709552b434968b0c6e40e843f803c685fde0", size = 43458121, upload-time = "2026-05-21T08:12:47.125Z" },
    { url = "https://files.pythonhosted.org/packages/1a/af/0b92c6674b10be0c97eb37b79424d2681228f2f9dddadecdffae894853f5/patchright-1.60.0-py3-none-macosx_11_0_arm64.whl", hash = "sha256:4380d7af8c14a0cf43527d3e24bdb66d1f9f68bf6d2bcd80109acf1028721b44", size = 42244813, upload-time = "2026-05-21T08:12:51.011Z" },
    { url = "https://files.pythonhosted.org/packages/28/90/8bde3f3177928a440730e522ccc7120cd022bb458be51b23032aa83b0619/patchright-1.60.0-py3-none-macosx_11_0_universal2.whl", hash = "sha256:9896a180d5126b0ee89253d11d0bed3c8fba7e605fac8669e8a06173d55a2984", size = 43458119, upload-time = "2026-05-21T08:12:54.824Z" },
    { url = "https://files.pythonhosted.org/packages/dc/0e/37b7dd4b0e7db24148fb3fcc73ccb36d9c82a3f5c7c8300c45ed8a76b7f4/patchright-1.60.0-py3-none-manylinux1_x86_64.whl", hash = "sha256:7a5bbb2ced890a92e05af6eea69d01ad58602050b491276d3137d1f1290ffbe1", size = 47450705, upload-time = "2026-05-21T08:12:59.108Z" },
    { url = "https://files.pythonhosted.org/packages/a2/2b/b4783fbdd607eb346efa5c4fff8abc8a55d22bce83ada0c15f894374ef9d/patchright-1.60.0-py3-none-manylinux_2_17_aarch64.manylinux2014_aarch64.whl", hash = "sha256:e37301a8b960f3200087ba57b9b56921262d6c573e95f2b8b64e0ecf0fb0547c", size = 47138338, upload-time = "2026-05-21T08:13:02.763Z" },
    { url = "https://files.pythonhosted.org/packages/67/ed/f13179bc28ac1c74e19d4041982a8eaacecb8e4fb3bcbd7135af18a45ea6/patchright-1.60.0-py3-none-win32.whl", hash = "sha256:536f4ef4d6f2bb5e48d61493559b34aaac83d82beaad2185b69eb7088f4948bd", size = 37885645, upload-time = "2026-05-21T08:13:07.603Z" },
    { url = "https://files.pythonhosted.org/packages/55/86/a626155b45559538dfa99af4c8405706acceb8981d4fb953525160df044b/patchright-1.60.0-py3-none-win_amd64.whl", hash = "sha256:d2b68c09269d6d96817a211e93df047361ccb159826cda2595a9a028d337d2ea", size = 37885651, upload-time = "2026-05-21T08:13:11.281Z" },
    { url = "https://files.pythonhosted.org/packages/6c/8c/633aa6a9a3938c70105e8c5e80e1278a4796a8ebdb4774762e0491856289/patchright-1.60.0-py3-none-win_arm64.whl", hash = "sha256:80912aa39d1870887fada712c3e355d18862148d184bcbbbed82eb7bc6d51fcf", size = 34021469, upload-time = "2026-05-21T08:13:14.701Z" },
]

[[package]]
name = "playwright"
version = "1.60.0"
source = { registry = "https://pypi.org/simple" }
dependencies = [
    { name = "greenlet" },
    { name = "pyee" },
]
wheels = [
    { url = "https://files.pythonhosted.org/packages/21/f0/832bd9677194908da118064eef20082f2791e3d18215cc6d9391ee2c5a67/playwright-1.60.0-py3-none-macosx_10_13_x86_64.whl", hash = "sha256:6a8cd0fec171fb3089e95e898c8bc8a6f35dea0b78b399e12fcc19427e91b1d7", size = 43474635, upload-time = "2026-05-18T12:00:31.969Z" },
    { url = "https://files.pythonhosted.org/packages/59/7b/e1d32ae8a3ed937ec2be3721c5f728b13d731a0b7c6442e0b3bec5094ac0/playwright-1.60.0-py3-none-macosx_11_0_arm64.whl", hash = "sha256:39b5420ba6145045b69ced4c5c47d4d9fe5bddfc8ff816c518913afcb25ec7a5", size = 42261327, upload-time = "2026-05-18T12:00:35.638Z" },
    { url = "https://files.pythonhosted.org/packages/d7/bc/23de499ded6411c188a20c5a0dea6f0cd4ed5d2b3cc6042a5dbd3ed609aa/playwright-1.60.0-py3-none-macosx_11_0_universal2.whl", hash = "sha256:2581d0e6a3392c71f91b27460c7fd093356818dc430f48153896c8aeeaef7705", size = 43474636, upload-time = "2026-05-18T12:00:39.294Z" },
    { url = "https://files.pythonhosted.org/packages/22/7b/1d679f4fced4ea94efadd17103856d8c565384f68382a1681264e46f5925/playwright-1.60.0-py3-none-manylinux1_x86_64.whl", hash = "sha256:1c2bfae7884fb3fb05b853290eab8f343d524e5016f2f1def702acbbdf14c93e", size = 47467220, upload-time = "2026-05-18T12:00:43.179Z" },
    { url = "https://files.pythonhosted.org/packages/84/c2/1528d267d4442bd2c6b8eaeab819dd52c2030bf80e89293f0ba1f687473b/playwright-1.60.0-py3-none-manylinux_2_17_aarch64.manylinux2014_aarch64.whl", hash = "sha256:43e66564125ee31b07a58cefb21e256d62d67d8d1713e6858df7a3019d8ed353", size = 47154856, upload-time = "2026-05-18T12:00:46.715Z" },
    { url = "https://files.pythonhosted.org/packages/bb/4e/b008b6440a7a1624378041da94829956d4b8f7ab9ef5aad22d0dc3f2e26d/playwright-1.60.0-py3-none-win32.whl", hash = "sha256:ec94e416ea320711e0ad4bf185dcbf41833672961e90773e1885255d7db7b7e7", size = 37902157, upload-time = "2026-05-18T12:00:50.374Z" },
    { url = "https://files.pythonhosted.org/packages/55/f0/0541524133104f9cc20bf900870ff4a736b76a23483f3a55295ddfa58409/playwright-1.60.0-py3-none-win_amd64.whl", hash = "sha256:9566821ce6030a1f9e7146a24e19355ab0d98805fd0f9be50bb3d8fef1750c02", size = 37902159, upload-time = "2026-05-18T12:00:53.728Z" },
    { url = "https://files.pythonhosted.org/packages/80/c8/210f282d278e4709cdd71b12a31af45a30a22ab3207b387e29b37e478713/playwright-1.60.0-py3-none-win_arm64.whl", hash = "sha256:6e4f6700a4c2250efff8e690a81d66e3855754fb587b6b87cf5c784014f91537", size = 34037981, upload-time = "2026-05-18T12:00:57.584Z" },
]

[[package]]
name = "pyee"
version = "13.0.1"
source = { registry = "https://pypi.org/simple" }
dependencies = [
    { name = "typing-extensions" },
]
sdist = { url = "https://files.pythonhosted.org/packages/8b/04/e7c1fe4dc78a6fdbfd6c337b1c3732ff543b8a397683ab38378447baa331/pyee-13.0.1.tar.gz", hash = "sha256:0b931f7c14535667ed4c7e0d531716368715e860b988770fc7eb8578d1f67fc8", size = 31655, upload-time = "2026-02-14T21:12:28.044Z" }
wheels = [
    { url = "https://files.pythonhosted.org/packages/a0/c4/b4d4827c93ef43c01f599ef31453ccc1c132b353284fc6c87d535c233129/pyee-13.0.1-py3-none-any.whl", hash = "sha256:af2f8fede4171ef667dfded53f96e2ed0d6e6bd7ee3bb46437f77e3b57689228", size = 15659, upload-time = "2026-02-14T21:12:26.263Z" },
]

[[package]]
name = "stealth-browser"
version = "0.1.0"
source = { editable = "packages/stealth-browser" }
dependencies = [
    { name = "nodriver" },
    { name = "patchright" },
    { name = "playwright" },
]

[package.metadata]
requires-dist = [
    { name = "nodriver", specifier = ">=0.40" },
    { name = "patchright", specifier = ">=1.52" },
    { name = "playwright", specifier = ">=1.52" },
]

[[package]]
name = "typing-extensions"
version = "4.15.0"
source = { registry = "https://pypi.org/simple" }
sdist = { url = "https://files.pythonhosted.org/packages/72/94/1a15dd82efb362ac84269196e94cf00f187f7ed21c242792a923cdb1c61f/typing_extensions-4.15.0.tar.gz", hash = "sha256:0cea48d173cc12fa28ecabc3b837ea3cf6f38c6d1136f85cbaaf598984861466", size = 109391, upload-time = "2025-08-25T13:49:26.313Z" }
wheels = [
    { url = "https://files.pythonhosted.org/packages/18/67/36e9267722cc04a6b9f15c7f3441c2363321a3ea07da7ae0c0707beb2a9c/typing_extensions-4.15.0-py3-none-any.whl", hash = "sha256:f0fa19c6845758ab08074a0cfa8b7aecb71c999ca73d62883bc25cc018c4e548", size = 44614, upload-time = "2025-08-25T13:49:24.86Z" },
]

[[package]]
name = "websockets"
version = "16.0"
source = { registry = "https://pypi.org/simple" }
sdist = { url = "https://files.pythonhosted.org/packages/04/24/4b2031d72e840ce4c1ccb255f693b15c334757fc50023e4db9537080b8c4/websockets-16.0.tar.gz", hash = "sha256:5f6261a5e56e8d5c42a4497b364ea24d94d9563e8fbd44e78ac40879c60179b5", size = 179346, upload-time = "2026-01-10T09:23:47.181Z" }
wheels = [
    { url = "https://files.pythonhosted.org/packages/f2/db/de907251b4ff46ae804ad0409809504153b3f30984daf82a1d84a9875830/websockets-16.0-cp311-cp311-macosx_10_9_universal2.whl", hash = "sha256:31a52addea25187bde0797a97d6fc3d2f92b6f72a9370792d65a6e84615ac8a8", size = 177340, upload-time = "2026-01-10T09:22:34.539Z" },
    { url = "https://files.pythonhosted.org/packages/f3/fa/abe89019d8d8815c8781e90d697dec52523fb8ebe308bf11664e8de1877e/websockets-16.0-cp311-cp311-macosx_10_9_x86_64.whl", hash = "sha256:417b28978cdccab24f46400586d128366313e8a96312e4b9362a4af504f3bbad", size = 175022, upload-time = "2026-01-10T09:22:36.332Z" },
    { url = "https://files.pythonhosted.org/packages/58/5d/88ea17ed1ded2079358b40d31d48abe90a73c9e5819dbcde1606e991e2ad/websockets-16.0-cp311-cp311-macosx_11_0_arm64.whl", hash = "sha256:af80d74d4edfa3cb9ed973a0a5ba2b2a549371f8a741e0800cb07becdd20f23d", size = 175319, upload-time = "2026-01-10T09:22:37.602Z" },
    { url = "https://files.pythonhosted.org/packages/d2/ae/0ee92b33087a33632f37a635e11e1d99d429d3d323329675a6022312aac2/websockets-16.0-cp311-cp311-manylinux1_x86_64.manylinux_2_28_x86_64.manylinux_2_5_x86_64.whl", hash = "sha256:08d7af67b64d29823fed316505a89b86705f2b7981c07848fb5e3ea3020c1abe", size = 184631, upload-time = "2026-01-10T09:22:38.789Z" },
    { url = "https://files.pythonhosted.org/packages/c8/c5/27178df583b6c5b31b29f526ba2da5e2f864ecc79c99dae630a85d68c304/websockets-16.0-cp311-cp311-manylinux2014_aarch64.manylinux_2_17_aarch64.manylinux_2_28_aarch64.whl", hash = "sha256:7be95cfb0a4dae143eaed2bcba8ac23f4892d8971311f1b06f3c6b78952ee70b", size = 185870, upload-time = "2026-01-10T09:22:39.893Z" },
    { url = "https://files.pythonhosted.org/packages/87/05/536652aa84ddc1c018dbb7e2c4cbcd0db884580bf8e95aece7593fde526f/websockets-16.0-cp311-cp311-musllinux_1_2_aarch64.whl", hash = "sha256:d6297ce39ce5c2e6feb13c1a996a2ded3b6832155fcfc920265c76f24c7cceb5", size = 185361, upload-time = "2026-01-10T09:22:41.016Z" },
    { url = "https://files.pythonhosted.org/packages/6d/e2/d5332c90da12b1e01f06fb1b85c50cfc489783076547415bf9f0a659ec19/websockets-16.0-cp311-cp311-musllinux_1_2_x86_64.whl", hash = "sha256:1c1b30e4f497b0b354057f3467f56244c603a79c0d1dafce1d16c283c25f6e64", size = 184615, upload-time = "2026-01-10T09:22:42.442Z" },
    { url = "https://files.pythonhosted.org/packages/77/fb/d3f9576691cae9253b51555f841bc6600bf0a983a461c79500ace5a5b364/websockets-16.0-cp311-cp311-win32.whl", hash = "sha256:5f451484aeb5cafee1ccf789b1b66f535409d038c56966d6101740c1614b86c6", size = 178246, upload-time = "2026-01-10T09:22:43.654Z" },
    { url = "https://files.pythonhosted.org/packages/54/67/eaff76b3dbaf18dcddabc3b8c1dba50b483761cccff67793897945b37408/websockets-16.0-cp311-cp311-win_amd64.whl", hash = "sha256:8d7f0659570eefb578dacde98e24fb60af35350193e4f56e11190787bee77dac", size = 178684, upload-time = "2026-01-10T09:22:44.941Z" },
    { url = "https://files.pythonhosted.org/packages/84/7b/bac442e6b96c9d25092695578dda82403c77936104b5682307bd4deb1ad4/websockets-16.0-cp312-cp312-macosx_10_13_universal2.whl", hash = "sha256:71c989cbf3254fbd5e84d3bff31e4da39c43f884e64f2551d14bb3c186230f00", size = 177365, upload-time = "2026-01-10T09:22:46.787Z" },
    { url = "https://files.pythonhosted.org/packages/b0/fe/136ccece61bd690d9c1f715baaeefd953bb2360134de73519d5df19d29ca/websockets-16.0-cp312-cp312-macosx_10_13_x86_64.whl", hash = "sha256:8b6e209ffee39ff1b6d0fa7bfef6de950c60dfb91b8fcead17da4ee539121a79", size = 175038, upload-time = "2026-01-10T09:22:47.999Z" },
    { url = "https://files.pythonhosted.org/packages/40/1e/9771421ac2286eaab95b8575b0cb701ae3663abf8b5e1f64f1fd90d0a673/websockets-16.0-cp312-cp312-macosx_11_0_arm64.whl", hash = "sha256:86890e837d61574c92a97496d590968b23c2ef0aeb8a9bc9421d174cd378ae39", size = 175328, upload-time = "2026-01-10T09:22:49.809Z" },
    { url = "https://files.pythonhosted.org/packages/18/29/71729b4671f21e1eaa5d6573031ab810ad2936c8175f03f97f3ff164c802/websockets-16.0-cp312-cp312-manylinux1_x86_64.manylinux_2_28_x86_64.manylinux_2_5_x86_64.whl", hash = "sha256:9b5aca38b67492ef518a8ab76851862488a478602229112c4b0d58d63a7a4d5c", size = 184915, upload-time = "2026-01-10T09:22:51.071Z" },
    { url = "https://files.pythonhosted.org/packages/97/bb/21c36b7dbbafc85d2d480cd65df02a1dc93bf76d97147605a8e27ff9409d/websockets-16.0-cp312-cp312-manylinux2014_aarch64.manylinux_2_17_aarch64.manylinux_2_28_aarch64.whl", hash = "sha256:e0334872c0a37b606418ac52f6ab9cfd17317ac26365f7f65e203e2d0d0d359f", size = 186152, upload-time = "2026-01-10T09:22:52.224Z" },
    { url = "https://files.pythonhosted.org/packages/4a/34/9bf8df0c0cf88fa7bfe36678dc7b02970c9a7d5e065a3099292db87b1be2/websockets-16.0-cp312-cp312-musllinux_1_2_aarch64.whl", hash = "sha256:a0b31e0b424cc6b5a04b8838bbaec1688834b2383256688cf47eb97412531da1", size = 185583, upload-time = "2026-01-10T09:22:53.443Z" },
    { url = "https://files.pythonhosted.org/packages/47/88/4dd516068e1a3d6ab3c7c183288404cd424a9a02d585efbac226cb61ff2d/websockets-16.0-cp312-cp312-musllinux_1_2_x86_64.whl", hash = "sha256:485c49116d0af10ac698623c513c1cc01c9446c058a4e61e3bf6c19dff7335a2", size = 184880, upload-time = "2026-01-10T09:22:55.033Z" },
    { url = "https://files.pythonhosted.org/packages/91/d6/7d4553ad4bf1c0421e1ebd4b18de5d9098383b5caa1d937b63df8d04b565/websockets-16.0-cp312-cp312-win32.whl", hash = "sha256:eaded469f5e5b7294e2bdca0ab06becb6756ea86894a47806456089298813c89", size = 178261, upload-time = "2026-01-10T09:22:56.251Z" },
    { url = "https://files.pythonhosted.org/packages/c3/f0/f3a17365441ed1c27f850a80b2bc680a0fa9505d733fe152fdf5e98c1c0b/websockets-16.0-cp312-cp312-win_amd64.whl", hash = "sha256:5569417dc80977fc8c2d43a86f78e0a5a22fee17565d78621b6bb264a115d4ea", size = 178693, upload-time = "2026-01-10T09:22:57.478Z" },
    { url = "https://files.pythonhosted.org/packages/cc/9c/baa8456050d1c1b08dd0ec7346026668cbc6f145ab4e314d707bb845bf0d/websockets-16.0-cp313-cp313-macosx_10_13_universal2.whl", hash = "sha256:878b336ac47938b474c8f982ac2f7266a540adc3fa4ad74ae96fea9823a02cc9", size = 177364, upload-time = "2026-01-10T09:22:59.333Z" },
    { url = "https://files.pythonhosted.org/packages/7e/0c/8811fc53e9bcff68fe7de2bcbe75116a8d959ac699a3200f4847a8925210/websockets-16.0-cp313-cp313-macosx_10_13_x86_64.whl", hash = "sha256:52a0fec0e6c8d9a784c2c78276a48a2bdf099e4ccc2a4cad53b27718dbfd0230", size = 175039, upload-time = "2026-01-10T09:23:01.171Z" },
    { url = "https://files.pythonhosted.org/packages/aa/82/39a5f910cb99ec0b59e482971238c845af9220d3ab9fa76dd9162cda9d62/websockets-16.0-cp313-cp313-macosx_11_0_arm64.whl", hash = "sha256:e6578ed5b6981005df1860a56e3617f14a6c307e6a71b4fff8c48fdc50f3ed2c", size = 175323, upload-time = "2026-01-10T09:23:02.341Z" },
    { url = "https://files.pythonhosted.org/packages/bd/28/0a25ee5342eb5d5f297d992a77e56892ecb65e7854c7898fb7d35e9b33bd/websockets-16.0-cp313-cp313-manylinux1_x86_64.manylinux_2_28_x86_64.manylinux_2_5_x86_64.whl", hash = "sha256:95724e638f0f9c350bb1c2b0a7ad0e83d9cc0c9259f3ea94e40d7b02a2179ae5", size = 184975, upload-time = "2026-01-10T09:23:03.756Z" },
    { url = "https://files.pythonhosted.org/packages/f9/66/27ea52741752f5107c2e41fda05e8395a682a1e11c4e592a809a90c6a506/websockets-16.0-cp313-cp313-manylinux2014_aarch64.manylinux_2_17_aarch64.manylinux_2_28_aarch64.whl", hash = "sha256:c0204dc62a89dc9d50d682412c10b3542d748260d743500a85c13cd1ee4bde82", size = 186203, upload-time = "2026-01-10T09:23:05.01Z" },
    { url = "https://files.pythonhosted.org/packages/37/e5/8e32857371406a757816a2b471939d51c463509be73fa538216ea52b792a/websockets-16.0-cp313-cp313-musllinux_1_2_aarch64.whl", hash = "sha256:52ac480f44d32970d66763115edea932f1c5b1312de36df06d6b219f6741eed8", size = 185653, upload-time = "2026-01-10T09:23:06.301Z" },
    { url = "https://files.pythonhosted.org/packages/9b/67/f926bac29882894669368dc73f4da900fcdf47955d0a0185d60103df5737/websockets-16.0-cp313-cp313-musllinux_1_2_x86_64.whl", hash = "sha256:6e5a82b677f8f6f59e8dfc34ec06ca6b5b48bc4fcda346acd093694cc2c24d8f", size = 184920, upload-time = "2026-01-10T09:23:07.492Z" },
    { url = "https://files.pythonhosted.org/packages/3c/a1/3d6ccdcd125b0a42a311bcd15a7f705d688f73b2a22d8cf1c0875d35d34a/websockets-16.0-cp313-cp313-win32.whl", hash = "sha256:abf050a199613f64c886ea10f38b47770a65154dc37181bfaff70c160f45315a", size = 178255, upload-time = "2026-01-10T09:23:09.245Z" },
    { url = "https://files.pythonhosted.org/packages/6b/ae/90366304d7c2ce80f9b826096a9e9048b4bb760e44d3b873bb272cba696b/websockets-16.0-cp313-cp313-win_amd64.whl", hash = "sha256:3425ac5cf448801335d6fdc7ae1eb22072055417a96cc6b31b3861f455fbc156", size = 178689, upload-time = "2026-01-10T09:23:10.483Z" },
    { url = "https://files.pythonhosted.org/packages/72/07/c98a68571dcf256e74f1f816b8cc5eae6eb2d3d5cfa44d37f801619d9166/websockets-16.0-pp311-pypy311_pp73-macosx_10_15_x86_64.whl", hash = "sha256:349f83cd6c9a415428ee1005cadb5c2c56f4389bc06a9af16103c3bc3dcc8b7d", size = 174947, upload-time = "2026-01-10T09:23:36.166Z" },
    { url = "https://files.pythonhosted.org/packages/7e/52/93e166a81e0305b33fe416338be92ae863563fe7bce446b0f687b9df5aea/websockets-16.0-pp311-pypy311_pp73-macosx_11_0_arm64.whl", hash = "sha256:4a1aba3340a8dca8db6eb5a7986157f52eb9e436b74813764241981ca4888f03", size = 175260, upload-time = "2026-01-10T09:23:37.409Z" },
    { url = "https://files.pythonhosted.org/packages/56/0c/2dbf513bafd24889d33de2ff0368190a0e69f37bcfa19009ef819fe4d507/websockets-16.0-pp311-pypy311_pp73-manylinux1_x86_64.manylinux_2_28_x86_64.manylinux_2_5_x86_64.whl", hash = "sha256:f4a32d1bd841d4bcbffdcb3d2ce50c09c3909fbead375ab28d0181af89fd04da", size = 176071, upload-time = "2026-01-10T09:23:39.158Z" },
    { url = "https://files.pythonhosted.org/packages/a5/8f/aea9c71cc92bf9b6cc0f7f70df8f0b420636b6c96ef4feee1e16f80f75dd/websockets-16.0-pp311-pypy311_pp73-manylinux2014_aarch64.manylinux_2_17_aarch64.manylinux_2_28_aarch64.whl", hash = "sha256:0298d07ee155e2e9fda5be8a9042200dd2e3bb0b8a38482156576f863a9d457c", size = 176968, upload-time = "2026-01-10T09:23:41.031Z" },
    { url = "https://files.pythonhosted.org/packages/9a/3f/f70e03f40ffc9a30d817eef7da1be72ee4956ba8d7255c399a01b135902a/websockets-16.0-pp311-pypy311_pp73-win_amd64.whl", hash = "sha256:a653aea902e0324b52f1613332ddf50b00c06fdaf7e92624fbf8c77c78fa5767", size = 178735, upload-time = "2026-01-10T09:23:42.259Z" },
    { url = "https://files.pythonhosted.org/packages/6f/28/258ebab549c2bf3e64d2b0217b973467394a9cea8c42f70418ca2c5d0d2e/websockets-16.0-py3-none-any.whl", hash = "sha256:1637db62fad1dc833276dded54215f2c7fa46912301a24bd94d45d46a011ceec", size = 171598, upload-time = "2026-01-10T09:23:45.395Z" },
]

[[package]]
name = "wrapt"
version = "2.2.1"
source = { registry = "https://pypi.org/simple" }
sdist = { url = "https://files.pythonhosted.org/packages/2d/9f/06263fcd8ad6c405f05a3905fd7a84dd3176eb5ad46e44bccc0cd16348bb/wrapt-2.2.1.tar.gz", hash = "sha256:6744f504375775d7609c82c8d3d94af1c9a6f05586984536905908ba905277b9", size = 127620, upload-time = "2026-05-22T14:49:43.056Z" }
wheels = [
    { url = "https://files.pythonhosted.org/packages/5f/ac/4370bde262c0e633e6c4f0e56d55095710024cf9a5cecc20c59a10de483c/wrapt-2.2.1-cp311-cp311-macosx_10_9_x86_64.whl", hash = "sha256:dd57607acc85678925940bd5df0385ff8332083a32fa8d7a43f8767f4997263c", size = 80321, upload-time = "2026-05-22T14:47:43.996Z" },
    { url = "https://files.pythonhosted.org/packages/eb/79/b8ff3a61e71babf58a8cf4c0d63358e8bad383e15bf7f35e62d2f6b6e4a4/wrapt-2.2.1-cp311-cp311-macosx_11_0_arm64.whl", hash = "sha256:1ae574d65c9fa8e86f64f6a7c2668f9fcd507b183e0e577619f504b883cb0a6c", size = 81216, upload-time = "2026-05-22T14:47:45.243Z" },
    { url = "https://files.pythonhosted.org/packages/6e/fd/c0cac1f77c9c4f6fe58a920ca632ce379bb8be928720e11e8d73de28a5e9/wrapt-2.2.1-cp311-cp311-manylinux1_x86_64.manylinux_2_28_x86_64.manylinux_2_5_x86_64.whl", hash = "sha256:9a04c28c10ba7fd12842b109d2edb0678872a2fe65277ca4ff06a0d61edee245", size = 159208, upload-time = "2026-05-22T14:47:47.176Z" },
    { url = "https://files.pythonhosted.org/packages/d9/4f/744132a7b2fbefa6b81118ec5942eca5fc2e9a129f9055a0c5e46885a549/wrapt-2.2.1-cp311-cp311-manylinux2014_aarch64.manylinux_2_17_aarch64.manylinux_2_28_aarch64.whl", hash = "sha256:3e2f02472a1cbbf3884b365714a810b5947134a95ad6952b554cb8cce9d492b0", size = 160322, upload-time = "2026-05-22T14:47:49.04Z" },
    { url = "https://files.pythonhosted.org/packages/d6/95/b7cd9a22a06cf93e6482904ee6afc956248983553593fd1009296d1b3b31/wrapt-2.2.1-cp311-cp311-manylinux_2_31_riscv64.manylinux_2_39_riscv64.whl", hash = "sha256:ac2745950b2bff80219c15ebf2fa9d8427eba7e249739f97e55c9d169e47e9e1", size = 153243, upload-time = "2026-05-22T14:47:50.386Z" },
    { url = "https://files.pythonhosted.org/packages/4c/4a/eb79423192015f46f0db2872e7e04a3dde8d359b83411e8959e7c9287eaa/wrapt-2.2.1-cp311-cp311-musllinux_1_2_aarch64.whl", hash = "sha256:67a97e5b6c457f0cd3cfc19ebb2d84463e60c3ece754cc831e4281a3ca29bb18", size = 159231, upload-time = "2026-05-22T14:47:51.753Z" },
    { url = "https://files.pythonhosted.org/packages/ec/dc/435015b58ce33c6fc4104158fa91ddb0e809ab03a5751fb7465d1d461456/wrapt-2.2.1-cp311-cp311-musllinux_1_2_riscv64.whl", hash = "sha256:c803a3d331796255af51ba2c79ed0ac8275865b516c09e61f248d1e7aff31ce9", size = 152351, upload-time = "2026-05-22T14:47:53.214Z" },
    { url = "https://files.pythonhosted.org/packages/77/ac/5d203f98df8fd136b95c5227139aea02d34505e18baf812d0c005df61963/wrapt-2.2.1-cp311-cp311-musllinux_1_2_x86_64.whl", hash = "sha256:9b984d1eb252145d6302c1dbd5e87fc6d404d45531447c84eadec04bf1fcb027", size = 158347, upload-time = "2026-05-22T14:47:54.982Z" },
    { url = "https://files.pythonhosted.org/packages/52/2f/a92427dbdc74e54c1674abbed27e61b2cb5e7a94441b8c1270c70671d928/wrapt-2.2.1-cp311-cp311-win32.whl", hash = "sha256:8a983a603a18c8708f024f7f6991b2e66159219abbf894634c5056243c55f3cd", size = 77562, upload-time = "2026-05-22T14:47:56.275Z" },
    { url = "https://files.pythonhosted.org/packages/c8/56/987b9c13b3e1c1a3c6de71284076f996b79caec90e75a87c044a40c23db9/wrapt-2.2.1-cp311-cp311-win_amd64.whl", hash = "sha256:9c210a6994b21aa9b29e81c8d11560e8fdab54c117e9cff37870d0a27bde1343", size = 80616, upload-time = "2026-05-22T14:47:57.854Z" },
    { url = "https://files.pythonhosted.org/packages/7e/25/d01f560888d99d94a959c85533de349ce68d71ace3f2591d6ea8f632cfed/wrapt-2.2.1-cp311-cp311-win_arm64.whl", hash = "sha256:401229e9d63ca09f9b8891ecf83798d26c11bbb445d11ed9f1836b6d4585b38a", size = 79025, upload-time = "2026-05-22T14:47:59.089Z" },
    { url = "https://files.pythonhosted.org/packages/89/0c/bfae7b9401583b6d05938cd16dedc43857d96da2f8a3d50d78cc515bf6ff/wrapt-2.2.1-cp312-cp312-macosx_10_13_x86_64.whl", hash = "sha256:3ffad790d9d11d8ecf9f17c4bb671a5b4089e4d8b575c46c5129597f41f836b0", size = 81021, upload-time = "2026-05-22T14:48:00.313Z" },
    { url = "https://files.pythonhosted.org/packages/26/58/80f6a6599f933f4caecc1cb3ee88a04faf81e8b9bddbd6109c688dd63e0f/wrapt-2.2.1-cp312-cp312-macosx_11_0_arm64.whl", hash = "sha256:628f5220c7a904d5fc78f7075c8d7871433eb6d035c94728a22fdf85f193d2a8", size = 81692, upload-time = "2026-05-22T14:48:01.49Z" },
    { url = "https://files.pythonhosted.org/packages/17/93/fb357cc7847c58a8ae790be718903afa81a28d23e642c843dc4129e8a0b2/wrapt-2.2.1-cp312-cp312-manylinux1_x86_64.manylinux_2_28_x86_64.manylinux_2_5_x86_64.whl", hash = "sha256:61acce4257a9883669703c525447c5b4c392edf0f987ae77ec32668440158f0e", size = 169364, upload-time = "2026-05-22T14:48:02.791Z" },
    { url = "https://files.pythonhosted.org/packages/aa/0b/76b601ee309a8bd556af0eecb184394c20b3c49aa9c8e085aa1ffacc2568/wrapt-2.2.1-cp312-cp312-manylinux2014_aarch64.manylinux_2_17_aarch64.manylinux_2_28_aarch64.whl", hash = "sha256:727ab4244622cd6ad2390f322642090c877d2e83a608d2653a7643ae5368d926", size = 171079, upload-time = "2026-05-22T14:48:04.22Z" },
    { url = "https://files.pythonhosted.org/packages/cd/87/ee3f32d5658e3e26d3e0e457922b47a36dd3bfbdfee7f97bb3e802344a66/wrapt-2.2.1-cp312-cp312-manylinux_2_31_riscv64.manylinux_2_39_riscv64.whl", hash = "sha256:03df9ebed4c73ab93fa8c07e3d41d818dfca1852b15731a3de59457b27814624", size = 160205, upload-time = "2026-05-22T14:48:05.553Z" },
    { url = "https://files.pythonhosted.org/packages/b1/d0/ae2fd64277a67f5d7bffcf2d05eea1e476263fb2a072baf0b0129ab85984/wrapt-2.2.1-cp312-cp312-musllinux_1_2_aarch64.whl", hash = "sha256:0d9ff006f420b2ec8296aa56ade43ea7da3e997e85769f0aafc5e0661aacb710", size = 168922, upload-time = "2026-05-22T14:48:07.132Z" },
    { url = "https://files.pythonhosted.org/packages/b1/f3/2d541a060c5bbafb9400bca4917e4d78bfd1f239f404782c86831a8f6b29/wrapt-2.2.1-cp312-cp312-musllinux_1_2_riscv64.whl", hash = "sha256:844c858fc3bb7eacc0ba8efa904935d16aac6a4470948ad1e7e55c9f5a2a665f", size = 158388, upload-time = "2026-05-22T14:48:08.629Z" },
    { url = "https://files.pythonhosted.org/packages/1d/68/8d92c8800c57e93cb116ae9e9d6cbafc34fade5ee9f9107b6f203fb4dc35/wrapt-2.2.1-cp312-cp312-musllinux_1_2_x86_64.whl", hash = "sha256:87bacdaf225117a342a20d9c03438d701c02112f6e3f351ce9b7f32354f14797", size = 167682, upload-time = "2026-05-22T14:48:10.042Z" },
    { url = "https://files.pythonhosted.org/packages/30/72/83ea3790ea352439442349388e29ff07b76e0686265f9088bbb505d1608d/wrapt-2.2.1-cp312-cp312-win32.whl", hash = "sha256:2f8c90c8afde51969487be4e1343ae049b268854877d415c2510baf833775052", size = 77857, upload-time = "2026-05-22T14:48:11.782Z" },
    { url = "https://files.pythonhosted.org/packages/ef/cb/99450668dd3502d62a54a1c8aa56e44f34cb8c1261b381cfe2e7926c3b75/wrapt-2.2.1-cp312-cp312-win_amd64.whl", hash = "sha256:6ce32763ac31ce94fe9aada947e479b1975012bff166da409b4b9e4e376cf7e5", size = 80825, upload-time = "2026-05-22T14:48:13.046Z" },
    { url = "https://files.pythonhosted.org/packages/e6/3a/87512881be64e743f9ee4c66f4cbe8e884974bef2a5989af71f999653ac7/wrapt-2.2.1-cp312-cp312-win_arm64.whl", hash = "sha256:8d1b4d0e0c2119587a31f5c029abd547e0c81d93b89d394566fe1588659eb579", size = 79087, upload-time = "2026-05-22T14:48:14.323Z" },
    { url = "https://files.pythonhosted.org/packages/88/d1/a1b08f8f4fac8cbb156fa51cf64ee2c7f7f74f9875ba3cf70b3c58368694/wrapt-2.2.1-cp313-cp313-macosx_10_13_x86_64.whl", hash = "sha256:d2beb1c7cab10603aecdc42f8edd6ff013f9a32e4543474e38e6b77ce9975aeb", size = 80831, upload-time = "2026-05-22T14:48:15.598Z" },
    { url = "https://files.pythonhosted.org/packages/54/ce/57890814991446a845e09b3445ce8b694f27eb0577004f2c2a36a9772ed4/wrapt-2.2.1-cp313-cp313-macosx_11_0_arm64.whl", hash = "sha256:e0cb7e4dd71f4c32e5e84843cd3c4cd65dda034314004bbe1d7f99af2426ab80", size = 81375, upload-time = "2026-05-22T14:48:17.071Z" },
    { url = "https://files.pythonhosted.org/packages/38/65/08d7a6c76ac4493bdb668205ee9c1de1bd5daca61717c3e9aa49b4c01499/wrapt-2.2.1-cp313-cp313-manylinux1_x86_64.manylinux_2_28_x86_64.manylinux_2_5_x86_64.whl", hash = "sha256:95821352042722cd9f1108874579a47989d0a7e12a37d87d2fc4af20fd99ab8a", size = 167417, upload-time = "2026-05-22T14:48:18.303Z" },
    { url = "https://files.pythonhosted.org/packages/62/ce/f1ccbee7a1bfe5cdc6b3da6bab4b45713d628b9294da32a39f563d648140/wrapt-2.2.1-cp313-cp313-manylinux2014_aarch64.manylinux_2_17_aarch64.manylinux_2_28_aarch64.whl", hash = "sha256:abd621552ede77c4c69be7fac44ba911225b0c812b6ba604e5964cf98085b474", size = 166948, upload-time = "2026-05-22T14:48:19.768Z" },
    { url = "https://files.pythonhosted.org/packages/86/2a/f85d48d1cd4869aee6704028d257d740a47c1c467b457ce396b4b5b55d07/wrapt-2.2.1-cp313-cp313-manylinux_2_31_riscv64.manylinux_2_39_riscv64.whl", hash = "sha256:e3677c7146ce694874941ba82b57092cc4875445aadf29d72807351023105143", size = 158148, upload-time = "2026-05-22T14:48:21.96Z" },
    { url = "https://files.pythonhosted.org/packages/fe/5c/93939ad11d4a12358ab1aab219a2ef5efa5612e0db6b9fc65af8af1a891b/wrapt-2.2.1-cp313-cp313-musllinux_1_2_aarch64.whl", hash = "sha256:9a5934eaea872e17936b5f45501eba5ab0bce9a74122e172b663d7c28c459c4a", size = 165905, upload-time = "2026-05-22T14:48:23.373Z" },
    { url = "https://files.pythonhosted.org/packages/e0/22/b8c2aa89862ff58605934d7abf4b70e6a5a1c33df96656f49035ccdf1c8a/wrapt-2.2.1-cp313-cp313-musllinux_1_2_riscv64.whl", hash = "sha256:f5b9daf6b629fce418e0cc3dd0436eac045188fa35deadb7a7f3941d5b8203f9", size = 156712, upload-time = "2026-05-22T14:48:24.767Z" },
    { url = "https://files.pythonhosted.org/packages/5d/78/bf00a7b02239c12bb02ddcc3c0b971bfcc36e578c5a44f1ccfef5b458545/wrapt-2.2.1-cp313-cp313-musllinux_1_2_x86_64.whl", hash = "sha256:f53ac9f3ef573326d009ed809beff4efcac6451931c2b8132586da4b9e53ff31", size = 166560, upload-time = "2026-05-22T14:48:26.83Z" },
    { url = "https://files.pythonhosted.org/packages/fe/93/6390ca9c5b787683cef588d04f57c8d41b9a2323b5597a65f18638c90ef2/wrapt-2.2.1-cp313-cp313-win32.whl", hash = "sha256:1ffa9cfd4bdb581539951b14ae661ff20ed0c3599b3e911a131ee0ec5ac11337", size = 77817, upload-time = "2026-05-22T14:48:28.221Z" },
    { url = "https://files.pythonhosted.org/packages/97/73/ce10f0e71c0cfaa1a65faadb8efd4852028b3bb9ba28932b8889df769d38/wrapt-2.2.1-cp313-cp313-win_amd64.whl", hash = "sha256:368eac1e20fd0bb03dd3cc42bf9887154c3861b60989389ccb5fac032617d215", size = 80736, upload-time = "2026-05-22T14:48:30.139Z" },
    { url = "https://files.pythonhosted.org/packages/c7/4c/89f4a6818fafbbd840330e4fa3873073e1bfc166133a64cac7f8fde7a5e3/wrapt-2.2.1-cp313-cp313-win_arm64.whl", hash = "sha256:c754dafdf5aaf0b401b644a90a30046929a0dd1a536e0ff0ec959a59155d9c7f", size = 79099, upload-time = "2026-05-22T14:48:31.405Z" },
    { url = "https://files.pythonhosted.org/packages/bf/f2/9a8741c46f8c208ac0a45b25ba170bcb4fb72a2781d5fb97dbd7b6be73cb/wrapt-2.2.1-cp313-cp313t-macosx_10_13_x86_64.whl", hash = "sha256:ed928d0fda15fc0adc8d13305c8b3c0f2fba5b0669950c9e6d019d9162a3b3e8", size = 82802, upload-time = "2026-05-22T14:48:33.307Z" },
    { url = "https://files.pythonhosted.org/packages/9c/0d/e9c855716a3705eef1416456bdf062b60620726fdc59428ff670fc3c60dc/wrapt-2.2.1-cp313-cp313t-macosx_11_0_arm64.whl", hash = "sha256:fafb4e739e43544d12cb4abd1605fd4683b6ca6a9ad682b7fd8f4d21973eafa8", size = 83329, upload-time = "2026-05-22T14:48:34.593Z" },
    { url = "https://files.pythonhosted.org/packages/3b/d6/a88f1c13112b7831adac75cea65d8310e0d696d570c8961844c90a57b865/wrapt-2.2.1-cp313-cp313t-manylinux1_x86_64.manylinux_2_28_x86_64.manylinux_2_5_x86_64.whl", hash = "sha256:74d6a0c31472fe5d814917266b9f46495d7c61ed890af08b468acea92fb89a8d", size = 202937, upload-time = "2026-05-22T14:48:35.859Z" },
    { url = "https://files.pythonhosted.org/packages/42/65/e29d54aef06a4d898a5b8a25589a0b3769bde454f922fad8f6f89fbfb650/wrapt-2.2.1-cp313-cp313t-manylinux2014_aarch64.manylinux_2_17_aarch64.manylinux_2_28_aarch64.whl", hash = "sha256:ab5be648d5a0b86b7438864f8df3c705a65cef35a2fd3e5561e3e203167e0f27", size = 209997, upload-time = "2026-05-22T14:48:38.153Z" },
    { url = "https://files.pythonhosted.org/packages/2a/91/e4454263516cf0e12640912fbca9a83654e424f0a6ddb79f5cd7ce14bf33/wrapt-2.2.1-cp313-cp313t-manylinux_2_31_riscv64.manylinux_2_39_riscv64.whl", hash = "sha256:9d8f204c8e3a8bf9ece17e0a83d137fd807440977f8a5e762d59306795011440", size = 194856, upload-time = "2026-05-22T14:48:39.69Z" },
    { url = "https://files.pythonhosted.org/packages/de/d0/fe0ee202286afdf4a7f77dd29f195703145764d572aec209c5086e57d924/wrapt-2.2.1-cp313-cp313t-musllinux_1_2_aarch64.whl", hash = "sha256:d047f6498c973874ba08ac3f97c69a2c4b2211c8de6f4c205f75cb1c9522596e", size = 205654, upload-time = "2026-05-22T14:48:43.456Z" },
    { url = "https://files.pythonhosted.org/packages/23/b6/87d860dfc6460c246af70b1fd5c8b76df77571b42a493459423ded94fd7d/wrapt-2.2.1-cp313-cp313t-musllinux_1_2_riscv64.whl", hash = "sha256:7a4fdb9326aab4a5a477a1640e5ad786a8495901009d7e7b038371edd23a9d2b", size = 192206, upload-time = "2026-05-22T14:48:44.858Z" },
    { url = "https://files.pythonhosted.org/packages/df/46/3eea8cde077d985f239a38c0257087b8064fd9ee9b1a99e282d2c86da4ef/wrapt-2.2.1-cp313-cp313t-musllinux_1_2_x86_64.whl", hash = "sha256:c8cc5094b08abeae52da9c73c8a32003623be691a5193df2f4e3eac3d557c394", size = 198428, upload-time = "2026-05-22T14:48:46.319Z" },
    { url = "https://files.pythonhosted.org/packages/18/dc/b927ee9c7fc67adc3a5658f246a0d275425eb840ba36e7b702e70f18bde8/wrapt-2.2.1-cp313-cp313t-win32.whl", hash = "sha256:9907a4402ab6db12b7077a0ea5d7a4d028ecb22c8eee2b53527080d347cd1562", size = 79448, upload-time = "2026-05-22T14:48:47.901Z" },
    { url = "https://files.pythonhosted.org/packages/ec/b3/fd30b473fe498c70e6b9a5f328b8d3fbaf1b8c3c481465f59724bba8eb70/wrapt-2.2.1-cp313-cp313t-win_amd64.whl", hash = "sha256:5590d63f5243251641cf543009b4c9314a79d0598fdb8a8e4cfc918494536c53", size = 83021, upload-time = "2026-05-22T14:48:49.201Z" },
    { url = "https://files.pythonhosted.org/packages/ee/f3/96c39153a8737a6e9aa85adef254ac4195bea3f2d24efc60472ccc3c9e2e/wrapt-2.2.1-cp313-cp313t-win_arm64.whl", hash = "sha256:c318a64b53d97b841d7b5e637517e50a27be64bc695128422953d4b21710954e", size = 80295, upload-time = "2026-05-22T14:48:50.479Z" },
    { url = "https://files.pythonhosted.org/packages/53/46/29ac9daf11a86c22a8c38cd9236c62928ccae83f7ceb06bd3b0467cf9d05/wrapt-2.2.1-py3-none-any.whl", hash = "sha256:3aafea2975caef8ca49400640dde02cc7426e798f24870ed01f490bc3cffd32f", size = 61000, upload-time = "2026-05-22T14:49:41.593Z" },
]
